
Microsoft Visual Studio Solution File, Format Version 12.00
Project("{FAE04EC0-301F-11D3-BF4B-00C04F79EFBC}") = "Todo.Main", "src\api\Todo.Main\Todo.Main.csproj", "{969B66C3-9E8F-472A-AE1E-952127284024}"
EndProject
Project("{FAE04EC0-301F-11D3-BF4B-00C04F79EFBC}") = "Todo.Base", "src\api\Todo.Base\Todo.Base.csproj", "{DEBD7083-D481-4A47-9328-69379992E2C8}"
EndProject
Project("{42EA0DBD-9CF1-443E-919E-BE9C484E4577}") = "Todo.Database", "src\api\Todo.Database\Todo.Database.sqlproj", "{E7B52EFE-3465-49CB-B237-E4901DDF8218}"
EndProject
Project("{FAE04EC0-301F-11D3-BF4B-00C04F79EFBC}") = "Todo.Entities", "src\api\Todo.Entities\Todo.Entities.csproj", "{DDD35E7B-04B6-4713-AAA1-D5889F88B991}"
EndProject
Project("{FAE04EC0-301F-11D3-BF4B-00C04F79EFBC}") = "Todo.Infrastructure", "src\api\Todo.Infrastructure\Todo.Infrastructure.csproj", "{E6E3BE20-59A0-4359-8FDE-8AB2162DE3A0}"
EndProject
Project("{FAE04EC0-301F-11D3-BF4B-00C04F79EFBC}") = "Todo.Azure", "src\api\Todo.Azure\Todo.Azure.csproj", "{51ECE0D0-A1F6-4F5F-8F36-A12D76484DFE}"
EndProject
Project("{FAE04EC0-301F-11D3-BF4B-00C04F79EFBC}") = "Todo.Repository", "src\api\Todo.Repository\Todo.Repository.csproj", "{E48897E0-CD17-4CE0-9618-7696AAB42BCB}"
EndProject
Global
	GlobalSection(SolutionConfigurationPlatforms) = preSolution
		Debug|Any CPU = Debug|Any CPU
		Release|Any CPU = Release|Any CPU
	EndGlobalSection
	GlobalSection(ProjectConfigurationPlatforms) = postSolution
		{969B66C3-9E8F-472A-AE1E-952127284024}.Debug|Any CPU.ActiveCfg = Debug|Any CPU
		{969B66C3-9E8F-472A-AE1E-952127284024}.Debug|Any CPU.Build.0 = Debug|Any CPU
		{969B66C3-9E8F-472A-AE1E-952127284024}.Release|Any CPU.ActiveCfg = Release|Any CPU
		{969B66C3-9E8F-472A-AE1E-952127284024}.Release|Any CPU.Build.0 = Release|Any CPU
		{DEBD7083-D481-4A47-9328-69379992E2C8}.Debug|Any CPU.ActiveCfg = Debug|Any CPU
		{DEBD7083-D481-4A47-9328-69379992E2C8}.Debug|Any CPU.Build.0 = Debug|Any CPU
		{DEBD7083-D481-4A47-9328-69379992E2C8}.Release|Any CPU.ActiveCfg = Release|Any CPU
		{DEBD7083-D481-4A47-9328-69379992E2C8}.Release|Any CPU.Build.0 = Release|Any CPU
		{E7B52EFE-3465-49CB-B237-E4901DDF8218}.Debug|Any CPU.ActiveCfg = Debug|Any CPU
		{E7B52EFE-3465-49CB-B237-E4901DDF8218}.Debug|Any CPU.Build.0 = Debug|Any CPU
		{E7B52EFE-3465-49CB-B237-E4901DDF8218}.Release|Any CPU.ActiveCfg = Release|Any CPU
		{E7B52EFE-3465-49CB-B237-E4901DDF8218}.Release|Any CPU.Build.0 = Release|Any CPU
		{DDD35E7B-04B6-4713-AAA1-D5889F88B991}.Debug|Any CPU.ActiveCfg = Debug|Any CPU
		{DDD35E7B-04B6-4713-AAA1-D5889F88B991}.Debug|Any CPU.Build.0 = Debug|Any CPU
		{DDD35E7B-04B6-4713-AAA1-D5889F88B991}.Release|Any CPU.ActiveCfg = Release|Any CPU
		{DDD35E7B-04B6-4713-AAA1-D5889F88B991}.Release|Any CPU.Build.0 = Release|Any CPU
		{E6E3BE20-59A0-4359-8FDE-8AB2162DE3A0}.Debug|Any CPU.ActiveCfg = Debug|Any CPU
		{E6E3BE20-59A0-4359-8FDE-8AB2162DE3A0}.Debug|Any CPU.Build.0 = Debug|Any CPU
		{E6E3BE20-59A0-4359-8FDE-8AB2162DE3A0}.Release|Any CPU.ActiveCfg = Release|Any CPU
		{E6E3BE20-59A0-4359-8FDE-8AB2162DE3A0}.Release|Any CPU.Build.0 = Release|Any CPU
		{51ECE0D0-A1F6-4F5F-8F36-A12D76484DFE}.Debug|Any CPU.ActiveCfg = Debug|Any CPU
		{51ECE0D0-A1F6-4F5F-8F36-A12D76484DFE}.Debug|Any CPU.Build.0 = Debug|Any CPU
		{51ECE0D0-A1F6-4F5F-8F36-A12D76484DFE}.Release|Any CPU.ActiveCfg = Release|Any CPU
		{51ECE0D0-A1F6-4F5F-8F36-A12D76484DFE}.Release|Any CPU.Build.0 = Release|Any CPU
		{E48897E0-CD17-4CE0-9618-7696AAB42BCB}.Debug|Any CPU.ActiveCfg = Debug|Any CPU
		{E48897E0-CD17-4CE0-9618-7696AAB42BCB}.Debug|Any CPU.Build.0 = Debug|Any CPU
		{E48897E0-CD17-4CE0-9618-7696AAB42BCB}.Release|Any CPU.ActiveCfg = Release|Any CPU
		{E48897E0-CD17-4CE0-9618-7696AAB42BCB}.Release|Any CPU.Build.0 = Release|Any CPU
	EndGlobalSection
EndGlobal
